{
	"name": "hello",
	"version": "0.0.1",
	"lockfileVersion": 3,
	"requires": true,
	"packages": {
		"": {
			"name": "hello",
			"version": "0.0.1",
			"dependencies": {
				"@webtui/css": "^0.1.5",
				"@webtui/theme-catppuccin": "^0.0.3"
			},
			"devDependencies": {}
		},
		"node_modules/@webtui/css": {
			"version": "0.1.5",
			"resolved": "https://registry.npmjs.org/@webtui/css/-/css-0.1.5.tgz",
			"integrity": "sha512-6+yk/XjW4JHaRUJpglYcvE9pcxay+PmoPFYeedHksCz0JHp3POW0LG2c6q1hSu2y7U4V0yHO7/eQBC3P0qCyIw=="
		},
		"node_modules/@webtui/theme-catppuccin": {
			"version": "0.0.3",
			"resolved": "https://registry.npmjs.org/@webtui/theme-catppuccin/-/theme-catppuccin-0.0.3.tgz",
			"integrity": "sha512-mn3qpyIDYzPm9DoDX7Rs/Ma/3YawbAZEu6/Cemj4kTodr4eBFuEOmkkd1RtChsXGH75fZ054MIzZoVwYvA5W2g=="
		}
	}
}
